
Microsoft Visual Studio Solution File, Format Version 12.00
# Visual Studio Version 17
VisualStudioVersion = 17.14.36310.24 d17.14
MinimumVisualStudioVersion = 10.0.40219.1
Project("{FAE04EC0-301F-11D3-BF4B-00C04F79EFBC}") = "CodePulse.AI", "CodePulse.AI\CodePulse.AI.csproj", "{8704635C-DDD2-46A1-9D62-846E8C180008}"
EndProject
Global
	GlobalSection(SolutionConfigurationPlatforms) = preSolution
		Debug|Any CPU = Debug|Any CPU
		Release|Any CPU = Release|Any CPU
	EndGlobalSection
	GlobalSection(ProjectConfigurationPlatforms) = postSolution
		{8704635C-DDD2-46A1-9D62-846E8C180008}.Debug|Any CPU.ActiveCfg = Debug|Any CPU
		{8704635C-DDD2-46A1-9D62-846E8C180008}.Debug|Any CPU.Build.0 = Debug|Any CPU
		{8704635C-DDD2-46A1-9D62-846E8C180008}.Release|Any CPU.ActiveCfg = Release|Any CPU
		{8704635C-DDD2-46A1-9D62-846E8C180008}.Release|Any CPU.Build.0 = Release|Any CPU
	EndGlobalSection
	GlobalSection(SolutionProperties) = preSolution
		HideSolutionNode = FALSE
	EndGlobalSection
	GlobalSection(ExtensibilityGlobals) = postSolution
		SolutionGuid = {4BBD1632-2014-4742-8FDA-736072FFDDA2}
	EndGlobalSection
EndGlobal
